
Microsoft Visual Studio Solution File, Format Version 12.00
# Visual Studio Version 17
VisualStudioVersion = 17.14.37111.16
MinimumVisualStudioVersion = 10.0.40219.1
Project("{FAE04EC0-301F-11D3-BF4B-00C04F79EFBC}") = "OrderFlow.API", "OrderFlow.API.csproj", "{FFADAB5D-F861-497F-86CE-C74A94E1890B}"
EndProject
Project("{FAE04EC0-301F-11D3-BF4B-00C04F79EFBC}") = "OrderFlow.ConsoleClient", "..\OrderFlow.ConsoleClient\OrderFlow.ConsoleClient.csproj", "{0522E099-22F5-4ADB-B721-3DAD8861E321}"
EndProject
Global
	GlobalSection(SolutionConfigurationPlatforms) = preSolution
		Debug|Any CPU = Debug|Any CPU
		Release|Any CPU = Release|Any CPU
	EndGlobalSection
	GlobalSection(ProjectConfigurationPlatforms) = postSolution
		{FFADAB5D-F861-497F-86CE-C74A94E1890B}.Debug|Any CPU.ActiveCfg = Debug|Any CPU
		{FFADAB5D-F861-497F-86CE-C74A94E1890B}.Debug|Any CPU.Build.0 = Debug|Any CPU
		{FFADAB5D-F861-497F-86CE-C74A94E1890B}.Release|Any CPU.ActiveCfg = Release|Any CPU
		{FFADAB5D-F861-497F-86CE-C74A94E1890B}.Release|Any CPU.Build.0 = Release|Any CPU
		{0522E099-22F5-4ADB-B721-3DAD8861E321}.Debug|Any CPU.ActiveCfg = Debug|Any CPU
		{0522E099-22F5-4ADB-B721-3DAD8861E321}.Debug|Any CPU.Build.0 = Debug|Any CPU
		{0522E099-22F5-4ADB-B721-3DAD8861E321}.Release|Any CPU.ActiveCfg = Release|Any CPU
		{0522E099-22F5-4ADB-B721-3DAD8861E321}.Release|Any CPU.Build.0 = Release|Any CPU
	EndGlobalSection
	GlobalSection(SolutionProperties) = preSolution
		HideSolutionNode = FALSE
	EndGlobalSection
	GlobalSection(ExtensibilityGlobals) = postSolution
		SolutionGuid = {B3917945-9D54-4DA8-B33B-8A2FA58EE653}
	EndGlobalSection
EndGlobal
